
Microsoft Visual Studio Solution File, Format Version 12.00
# Visual Studio Version 16
VisualStudioVersion = 16.0.29519.181
MinimumVisualStudioVersion = 10.0.40219.1
Project("{FAE04EC0-301F-11D3-BF4B-00C04F79EFBC}") = "Team5-SmartMOM", "Team5-SmartMOM\Team5-SmartMOM.csproj", "{6DCF547A-4B7F-4DEC-ABCB-878B91038529}"
EndProject
Project("{FAE04EC0-301F-11D3-BF4B-00C04F79EFBC}") = "Project_VO", "Project_VO\Project_VO.csproj", "{C48D50B0-FD18-4417-9DEE-8FABB0B4AB3E}"
EndProject
Project("{FAE04EC0-301F-11D3-BF4B-00C04F79EFBC}") = "Project_DAC", "Project_DAC\Project_DAC.csproj", "{68769EEE-D910-4EF3-AECF-E27AC2621D80}"
EndProject
Project("{FAE04EC0-301F-11D3-BF4B-00C04F79EFBC}") = "Team5-Pop", "Team5-Pop\Team5-Pop.csproj", "{7832EC0A-67BF-4CD5-8827-97061167B8D5}"
EndProject
Global
	GlobalSection(SolutionConfigurationPlatforms) = preSolution
		Debug|Any CPU = Debug|Any CPU
		Release|Any CPU = Release|Any CPU
	EndGlobalSection
	GlobalSection(ProjectConfigurationPlatforms) = postSolution
		{6DCF547A-4B7F-4DEC-ABCB-878B91038529}.Debug|Any CPU.ActiveCfg = Debug|Any CPU
		{6DCF547A-4B7F-4DEC-ABCB-878B91038529}.Debug|Any CPU.Build.0 = Debug|Any CPU
		{6DCF547A-4B7F-4DEC-ABCB-878B91038529}.Release|Any CPU.ActiveCfg = Release|Any CPU
		{6DCF547A-4B7F-4DEC-ABCB-878B91038529}.Release|Any CPU.Build.0 = Release|Any CPU
		{C48D50B0-FD18-4417-9DEE-8FABB0B4AB3E}.Debug|Any CPU.ActiveCfg = Debug|Any CPU
		{C48D50B0-FD18-4417-9DEE-8FABB0B4AB3E}.Debug|Any CPU.Build.0 = Debug|Any CPU
		{C48D50B0-FD18-4417-9DEE-8FABB0B4AB3E}.Release|Any CPU.ActiveCfg = Release|Any CPU
		{C48D50B0-FD18-4417-9DEE-8FABB0B4AB3E}.Release|Any CPU.Build.0 = Release|Any CPU
		{68769EEE-D910-4EF3-AECF-E27AC2621D80}.Debug|Any CPU.ActiveCfg = Debug|Any CPU
		{68769EEE-D910-4EF3-AECF-E27AC2621D80}.Debug|Any CPU.Build.0 = Debug|Any CPU
		{68769EEE-D910-4EF3-AECF-E27AC2621D80}.Release|Any CPU.ActiveCfg = Release|Any CPU
		{68769EEE-D910-4EF3-AECF-E27AC2621D80}.Release|Any CPU.Build.0 = Release|Any CPU
		{7832EC0A-67BF-4CD5-8827-97061167B8D5}.Debug|Any CPU.ActiveCfg = Debug|Any CPU
		{7832EC0A-67BF-4CD5-8827-97061167B8D5}.Debug|Any CPU.Build.0 = Debug|Any CPU
		{7832EC0A-67BF-4CD5-8827-97061167B8D5}.Release|Any CPU.ActiveCfg = Release|Any CPU
		{7832EC0A-67BF-4CD5-8827-97061167B8D5}.Release|Any CPU.Build.0 = Release|Any CPU
	EndGlobalSection
	GlobalSection(SolutionProperties) = preSolution
		HideSolutionNode = FALSE
	EndGlobalSection
	GlobalSection(ExtensibilityGlobals) = postSolution
		SolutionGuid = {FE863AD1-6FCA-492B-B213-FE1D7CA28A42}
	EndGlobalSection
EndGlobal
